{
  "version": 4,
  "terraform_version": "1.2.2",
  "serial": 19,
  "lineage": "3b3701c3-252f-09d2-d1e2-3d7dd31fd208",
  "outputs": {},
  "resources": [
    {
      "mode": "data",
      "type": "azurerm_client_config",
      "name": "current",
      "provider": "provider[\"registry.terraform.io/hashicorp/azurerm\"]",
      "instances": [
        {
          "schema_version": 0,
          "attributes": {
            "client_id": "d6d25e7d-3ce5-47b0-b047-f661291d75bf",
            "id": "2022-06-06 23:29:18.868781043 +0000 UTC",
            "object_id": "5887de5b-d69c-4aca-bb71-24f7b2444fc0",
            "subscription_id": "72ac7288-fb92-4ad6-83bc-5cfd361f47ef",
            "tenant_id": "21e3ecc7-6fb3-47f8-bc36-f6450a49a7da",
            "timeouts": null
          },
          "sensitive_attributes": []
        }
      ]
    },
    {
      "mode": "managed",
      "type": "azurerm_application_insights",
      "name": "default",
      "provider": "provider[\"registry.terraform.io/hashicorp/azurerm\"]",
      "instances": [
        {
          "schema_version": 0,
          "attributes": {
            "app_id": "08e7286e-0a2b-4ed5-ba80-b3c65261affd",
            "application_type": "web",
            "connection_string": "InstrumentationKey=99d941cb-b1bf-4e55-880f-4c1a7a54c921;IngestionEndpoint=https://koreacentral-0.in.applicationinsights.azure.com/;LiveEndpoint=https://koreacentral.livediagnostics.monitor.azure.com/",
            "daily_data_cap_in_gb": 100,
            "daily_data_cap_notifications_disabled": false,
            "disable_ip_masking": false,
            "id": "/subscriptions/72ac7288-fb92-4ad6-83bc-5cfd361f47ef/resourceGroups/rg-sameinfra-prod/providers/microsoft.insights/components/appi-sameinfra-prod",
            "instrumentation_key": "99d941cb-b1bf-4e55-880f-4c1a7a54c921",
            "local_authentication_disabled": false,
            "location": "koreacentral",
            "name": "appi-sameinfra-prod",
            "resource_group_name": "rg-sameinfra-prod",
            "retention_in_days": 90,
            "sampling_percentage": 100,
            "tags": null,
            "timeouts": null,
            "workspace_id": null
          },
          "sensitive_attributes": [],
          "private": "eyJlMmJmYjczMC1lY2FhLTExZTYtOGY4OC0zNDM2M2JjN2M0YzAiOnsiY3JlYXRlIjoxODAwMDAwMDAwMDAwLCJkZWxldGUiOjE4MDAwMDAwMDAwMDAsInJlYWQiOjMwMDAwMDAwMDAwMCwidXBkYXRlIjoxODAwMDAwMDAwMDAwfX0=",
          "dependencies": [
            "azurerm_resource_group.default"
          ]
        }
      ]
    },
    {
      "mode": "managed",
      "type": "azurerm_container_registry",
      "name": "default",
      "provider": "provider[\"registry.terraform.io/hashicorp/azurerm\"]",
      "instances": [
        {
          "schema_version": 2,
          "attributes": {
            "admin_enabled": true,
            "admin_password": "9mAhTtMu/IKBWUtEIzpCwEq2UxBZXUxJ",
            "admin_username": "crsameinfraprod",
            "encryption": [
              {
                "enabled": false,
                "identity_client_id": "",
                "key_vault_key_id": ""
              }
            ],
            "georeplication_locations": [],
            "georeplications": [],
            "id": "/subscriptions/72ac7288-fb92-4ad6-83bc-5cfd361f47ef/resourceGroups/rg-sameinfra-prod/providers/Microsoft.ContainerRegistry/registries/crsameinfraprod",
            "identity": [],
            "location": "koreacentral",
            "login_server": "crsameinfraprod.azurecr.io",
            "name": "crsameinfraprod",
            "network_rule_set": [
              {
                "default_action": "Allow",
                "ip_rule": [],
                "virtual_network": []
              }
            ],
            "public_network_access_enabled": true,
            "quarantine_policy_enabled": false,
            "resource_group_name": "rg-sameinfra-prod",
            "retention_policy": [
              {
                "days": 7,
                "enabled": false
              }
            ],
            "sku": "Premium",
            "storage_account_id": null,
            "tags": null,
            "timeouts": null,
            "trust_policy": [
              {
                "enabled": false
              }
            ],
            "zone_redundancy_enabled": false
          },
          "sensitive_attributes": [],
          "private": "eyJlMmJmYjczMC1lY2FhLTExZTYtOGY4OC0zNDM2M2JjN2M0YzAiOnsiY3JlYXRlIjoxODAwMDAwMDAwMDAwLCJkZWxldGUiOjE4MDAwMDAwMDAwMDAsInJlYWQiOjMwMDAwMDAwMDAwMCwidXBkYXRlIjoxODAwMDAwMDAwMDAwfSwic2NoZW1hX3ZlcnNpb24iOiIyIn0=",
          "dependencies": [
            "azurerm_resource_group.default"
          ]
        }
      ]
    },
    {
      "mode": "managed",
      "type": "azurerm_key_vault",
      "name": "default",
      "provider": "provider[\"registry.terraform.io/hashicorp/azurerm\"]",
      "instances": [
        {
          "schema_version": 2,
          "attributes": {
            "access_policy": [],
            "contact": [],
            "enable_rbac_authorization": false,
            "enabled_for_deployment": false,
            "enabled_for_disk_encryption": false,
            "enabled_for_template_deployment": false,
            "id": "/subscriptions/72ac7288-fb92-4ad6-83bc-5cfd361f47ef/resourceGroups/rg-sameinfra-prod/providers/Microsoft.KeyVault/vaults/kv-sameinfra-prod",
            "location": "koreacentral",
            "name": "kv-sameinfra-prod",
            "network_acls": [
              {
                "bypass": "AzureServices",
                "default_action": "Allow",
                "ip_rules": [],
                "virtual_network_subnet_ids": []
              }
            ],
            "purge_protection_enabled": false,
            "resource_group_name": "rg-sameinfra-prod",
            "sku_name": "premium",
            "soft_delete_enabled": true,
            "soft_delete_retention_days": 90,
            "tags": null,
            "tenant_id": "21e3ecc7-6fb3-47f8-bc36-f6450a49a7da",
            "timeouts": null,
            "vault_uri": "https://kv-sameinfra-prod.vault.azure.net/"
          },
          "sensitive_attributes": [],
          "private": "eyJlMmJmYjczMC1lY2FhLTExZTYtOGY4OC0zNDM2M2JjN2M0YzAiOnsiY3JlYXRlIjoxODAwMDAwMDAwMDAwLCJkZWxldGUiOjE4MDAwMDAwMDAwMDAsInJlYWQiOjMwMDAwMDAwMDAwMCwidXBkYXRlIjoxODAwMDAwMDAwMDAwfSwic2NoZW1hX3ZlcnNpb24iOiIyIn0=",
          "dependencies": [
            "azurerm_resource_group.default",
            "data.azurerm_client_config.current"
          ]
        }
      ]
    },
    {
      "mode": "managed",
      "type": "azurerm_machine_learning_compute_cluster",
      "name": "compute",
      "provider": "provider[\"registry.terraform.io/hashicorp/azurerm\"]",
      "instances": [
        {
          "schema_version": 0,
          "attributes": {
            "description": null,
            "id": "/subscriptions/72ac7288-fb92-4ad6-83bc-5cfd361f47ef/resourceGroups/rg-sameinfra-prod/providers/Microsoft.MachineLearningServices/workspaces/mlw-sameinfra-prod/computes/cpu-cluster",
            "identity": [
              {
                "principal_id": "68e36b97-c32e-45d6-a49e-2779f92ea757",
                "tenant_id": "21e3ecc7-6fb3-47f8-bc36-f6450a49a7da",
                "type": "SystemAssigned"
              }
            ],
            "location": "koreacentral",
            "machine_learning_workspace_id": "/subscriptions/72ac7288-fb92-4ad6-83bc-5cfd361f47ef/resourceGroups/rg-sameinfra-prod/providers/Microsoft.MachineLearningServices/workspaces/mlw-sameinfra-prod",
            "name": "cpu-cluster",
            "scale_settings": [
              {
                "max_node_count": 3,
                "min_node_count": 0,
                "scale_down_nodes_after_idle_duration": "PT15M"
              }
            ],
            "subnet_resource_id": null,
            "tags": null,
            "timeouts": null,
            "vm_priority": "Dedicated",
            "vm_size": "STANDARD_DS2_V2"
          },
          "sensitive_attributes": [],
          "private": "eyJlMmJmYjczMC1lY2FhLTExZTYtOGY4OC0zNDM2M2JjN2M0YzAiOnsiY3JlYXRlIjoxODAwMDAwMDAwMDAwLCJkZWxldGUiOjE4MDAwMDAwMDAwMDAsInJlYWQiOjMwMDAwMDAwMDAwMH19",
          "dependencies": [
            "azurerm_application_insights.default",
            "azurerm_container_registry.default",
            "azurerm_key_vault.default",
            "azurerm_machine_learning_workspace.default",
            "azurerm_resource_group.default",
            "azurerm_storage_account.default",
            "data.azurerm_client_config.current"
          ]
        }
      ]
    },
    {
      "mode": "managed",
      "type": "azurerm_machine_learning_compute_instance",
      "name": "compute_instance",
      "provider": "provider[\"registry.terraform.io/hashicorp/azurerm\"]",
      "instances": [
        {
          "schema_version": 0,
          "attributes": {
            "assign_to_user": [],
            "authorization_type": "",
            "description": "",
            "id": "/subscriptions/72ac7288-fb92-4ad6-83bc-5cfd361f47ef/resourceGroups/rg-sameinfra-prod/providers/Microsoft.MachineLearningServices/workspaces/mlw-sameinfra-prod/computes/tvuycdoeinstance",
            "identity": [],
            "location": "koreacentral",
            "machine_learning_workspace_id": "/subscriptions/72ac7288-fb92-4ad6-83bc-5cfd361f47ef/resourceGroups/rg-sameinfra-prod/providers/Microsoft.MachineLearningServices/workspaces/mlw-sameinfra-prod",
            "name": "tvuycdoeinstance",
            "ssh": [],
            "subnet_resource_id": null,
            "tags": null,
            "timeouts": null,
            "virtual_machine_size": "STANDARD_DS2_V2"
          },
          "sensitive_attributes": [],
          "private": "eyJlMmJmYjczMC1lY2FhLTExZTYtOGY4OC0zNDM2M2JjN2M0YzAiOnsiY3JlYXRlIjoxODAwMDAwMDAwMDAwLCJkZWxldGUiOjE4MDAwMDAwMDAwMDAsInJlYWQiOjMwMDAwMDAwMDAwMH19",
          "dependencies": [
            "azurerm_application_insights.default",
            "azurerm_container_registry.default",
            "azurerm_key_vault.default",
            "azurerm_machine_learning_workspace.default",
            "azurerm_resource_group.default",
            "azurerm_storage_account.default",
            "data.azurerm_client_config.current",
            "random_string.ci_prefix"
          ]
        }
      ]
    },
    {
      "mode": "managed",
      "type": "azurerm_machine_learning_workspace",
      "name": "default",
      "provider": "provider[\"registry.terraform.io/hashicorp/azurerm\"]",
      "instances": [
        {
          "schema_version": 0,
          "attributes": {
            "application_insights_id": "/subscriptions/72ac7288-fb92-4ad6-83bc-5cfd361f47ef/resourceGroups/rg-sameinfra-prod/providers/Microsoft.insights/components/appi-sameinfra-prod",
            "container_registry_id": "/subscriptions/72ac7288-fb92-4ad6-83bc-5cfd361f47ef/resourceGroups/rg-sameinfra-prod/providers/Microsoft.ContainerRegistry/registries/crsameinfraprod",
            "description": "",
            "friendly_name": "",
            "high_business_impact": false,
            "id": "/subscriptions/72ac7288-fb92-4ad6-83bc-5cfd361f47ef/resourceGroups/rg-sameinfra-prod/providers/Microsoft.MachineLearningServices/workspaces/mlw-sameinfra-prod",
            "identity": [
              {
                "principal_id": "5857a904-aa2b-4089-bca9-6a0921f911e4",
                "tenant_id": "21e3ecc7-6fb3-47f8-bc36-f6450a49a7da",
                "type": "SystemAssigned"
              }
            ],
            "key_vault_id": "/subscriptions/72ac7288-fb92-4ad6-83bc-5cfd361f47ef/resourceGroups/rg-sameinfra-prod/providers/Microsoft.Keyvault/vaults/kv-sameinfra-prod",
            "location": "koreacentral",
            "name": "mlw-sameinfra-prod",
            "resource_group_name": "rg-sameinfra-prod",
            "sku_name": "Basic",
            "storage_account_id": "/subscriptions/72ac7288-fb92-4ad6-83bc-5cfd361f47ef/resourceGroups/rg-sameinfra-prod/providers/Microsoft.Storage/storageAccounts/stsameinfraprod",
            "tags": null,
            "timeouts": null
          },
          "sensitive_attributes": [],
          "private": "eyJlMmJmYjczMC1lY2FhLTExZTYtOGY4OC0zNDM2M2JjN2M0YzAiOnsiY3JlYXRlIjoxODAwMDAwMDAwMDAwLCJkZWxldGUiOjE4MDAwMDAwMDAwMDAsInJlYWQiOjMwMDAwMDAwMDAwMCwidXBkYXRlIjoxODAwMDAwMDAwMDAwfX0=",
          "dependencies": [
            "azurerm_application_insights.default",
            "azurerm_container_registry.default",
            "azurerm_key_vault.default",
            "azurerm_resource_group.default",
            "azurerm_storage_account.default",
            "data.azurerm_client_config.current"
          ]
        }
      ]
    },
    {
      "mode": "managed",
      "type": "azurerm_resource_group",
      "name": "default",
      "provider": "provider[\"registry.terraform.io/hashicorp/azurerm\"]",
      "instances": [
        {
          "schema_version": 0,
          "attributes": {
            "id": "/subscriptions/72ac7288-fb92-4ad6-83bc-5cfd361f47ef/resourceGroups/rg-sameinfra-prod",
            "location": "koreacentral",
            "name": "rg-sameinfra-prod",
            "tags": null,
            "timeouts": null
          },
          "sensitive_attributes": [],
          "private": "eyJlMmJmYjczMC1lY2FhLTExZTYtOGY4OC0zNDM2M2JjN2M0YzAiOnsiY3JlYXRlIjo1NDAwMDAwMDAwMDAwLCJkZWxldGUiOjU0MDAwMDAwMDAwMDAsInJlYWQiOjMwMDAwMDAwMDAwMCwidXBkYXRlIjo1NDAwMDAwMDAwMDAwfX0="
        }
      ]
    },
    {
      "mode": "managed",
      "type": "azurerm_storage_account",
      "name": "default",
      "provider": "provider[\"registry.terraform.io/hashicorp/azurerm\"]",
      "instances": [
        {
          "schema_version": 2,
          "attributes": {
            "access_tier": "Hot",
            "account_kind": "StorageV2",
            "account_replication_type": "GRS",
            "account_tier": "Standard",
            "allow_blob_public_access": false,
            "azure_files_authentication": [],
            "blob_properties": [
              {
                "change_feed_enabled": false,
                "container_delete_retention_policy": [],
                "cors_rule": [],
                "default_service_version": "",
                "delete_retention_policy": [],
                "last_access_time_enabled": false,
                "versioning_enabled": false
              }
            ],
            "custom_domain": [],
            "enable_https_traffic_only": true,
            "id": "/subscriptions/72ac7288-fb92-4ad6-83bc-5cfd361f47ef/resourceGroups/rg-sameinfra-prod/providers/Microsoft.Storage/storageAccounts/stsameinfraprod",
            "identity": [],
            "is_hns_enabled": false,
            "large_file_share_enabled": null,
            "location": "koreacentral",
            "min_tls_version": "TLS1_0",
            "name": "stsameinfraprod",
            "network_rules": [
              {
                "bypass": [
                  "AzureServices"
                ],
                "default_action": "Allow",
                "ip_rules": [],
                "private_link_access": [],
                "virtual_network_subnet_ids": []
              }
            ],
            "nfsv3_enabled": false,
            "primary_access_key": "K00jIn0xpTfAMj2Eypv1xNLDLo/Rl1RAeClG3My+8nqiwIhpi+WMrSSQXawDm8kYixQZr2t0Lvsk+ASt7HYHmw==",
            "primary_blob_connection_string": "DefaultEndpointsProtocol=https;BlobEndpoint=https://stsameinfraprod.blob.core.windows.net/;AccountName=stsameinfraprod;AccountKey=K00jIn0xpTfAMj2Eypv1xNLDLo/Rl1RAeClG3My+8nqiwIhpi+WMrSSQXawDm8kYixQZr2t0Lvsk+ASt7HYHmw==",
            "primary_blob_endpoint": "https://stsameinfraprod.blob.core.windows.net/",
            "primary_blob_host": "stsameinfraprod.blob.core.windows.net",
            "primary_connection_string": "DefaultEndpointsProtocol=https;AccountName=stsameinfraprod;AccountKey=K00jIn0xpTfAMj2Eypv1xNLDLo/Rl1RAeClG3My+8nqiwIhpi+WMrSSQXawDm8kYixQZr2t0Lvsk+ASt7HYHmw==;EndpointSuffix=core.windows.net",
            "primary_dfs_endpoint": "https://stsameinfraprod.dfs.core.windows.net/",
            "primary_dfs_host": "stsameinfraprod.dfs.core.windows.net",
            "primary_file_endpoint": "https://stsameinfraprod.file.core.windows.net/",
            "primary_file_host": "stsameinfraprod.file.core.windows.net",
            "primary_location": "koreacentral",
            "primary_queue_endpoint": "https://stsameinfraprod.queue.core.windows.net/",
            "primary_queue_host": "stsameinfraprod.queue.core.windows.net",
            "primary_table_endpoint": "https://stsameinfraprod.table.core.windows.net/",
            "primary_table_host": "stsameinfraprod.table.core.windows.net",
            "primary_web_endpoint": "https://stsameinfraprod.z12.web.core.windows.net/",
            "primary_web_host": "stsameinfraprod.z12.web.core.windows.net",
            "queue_properties": [
              {
                "cors_rule": [],
                "hour_metrics": [
                  {
                    "enabled": true,
                    "include_apis": true,
                    "retention_policy_days": 7,
                    "version": "1.0"
                  }
                ],
                "logging": [
                  {
                    "delete": false,
                    "read": false,
                    "retention_policy_days": 0,
                    "version": "1.0",
                    "write": false
                  }
                ],
                "minute_metrics": [
                  {
                    "enabled": false,
                    "include_apis": false,
                    "retention_policy_days": 0,
                    "version": "1.0"
                  }
                ]
              }
            ],
            "resource_group_name": "rg-sameinfra-prod",
            "routing": [],
            "secondary_access_key": "rBFm+TcpDtl/aCXIN2t1NUHix0xUu30hr1UzOhwC4uwzCEV8AxzHWosTprnVFPNfLDj6ZazxGd0T+AStx2PdWw==",
            "secondary_blob_connection_string": "",
            "secondary_blob_endpoint": null,
            "secondary_blob_host": null,
            "secondary_connection_string": "DefaultEndpointsProtocol=https;AccountName=stsameinfraprod;AccountKey=rBFm+TcpDtl/aCXIN2t1NUHix0xUu30hr1UzOhwC4uwzCEV8AxzHWosTprnVFPNfLDj6ZazxGd0T+AStx2PdWw==;EndpointSuffix=core.windows.net",
            "secondary_dfs_endpoint": null,
            "secondary_dfs_host": null,
            "secondary_file_endpoint": null,
            "secondary_file_host": null,
            "secondary_location": "koreasouth",
            "secondary_queue_endpoint": null,
            "secondary_queue_host": null,
            "secondary_table_endpoint": null,
            "secondary_table_host": null,
            "secondary_web_endpoint": null,
            "secondary_web_host": null,
            "share_properties": [
              {
                "cors_rule": [],
                "retention_policy": [
                  {
                    "days": 7
                  }
                ],
                "smb": []
              }
            ],
            "shared_access_key_enabled": true,
            "static_website": [],
            "tags": null,
            "timeouts": null
          },
          "sensitive_attributes": [],
          "private": "eyJlMmJmYjczMC1lY2FhLTExZTYtOGY4OC0zNDM2M2JjN2M0YzAiOnsiY3JlYXRlIjozNjAwMDAwMDAwMDAwLCJkZWxldGUiOjM2MDAwMDAwMDAwMDAsInJlYWQiOjMwMDAwMDAwMDAwMCwidXBkYXRlIjozNjAwMDAwMDAwMDAwfSwic2NoZW1hX3ZlcnNpb24iOiIyIn0=",
          "dependencies": [
            "azurerm_resource_group.default"
          ]
        }
      ]
    },
    {
      "mode": "managed",
      "type": "random_string",
      "name": "ci_prefix",
      "provider": "provider[\"registry.terraform.io/hashicorp/random\"]",
      "instances": [
        {
          "schema_version": 2,
          "attributes": {
            "id": "tvuycdoe",
            "keepers": null,
            "length": 8,
            "lower": true,
            "min_lower": 0,
            "min_numeric": 0,
            "min_special": 0,
            "min_upper": 0,
            "number": false,
            "numeric": false,
            "override_special": null,
            "result": "tvuycdoe",
            "special": false,
            "upper": false
          },
          "sensitive_attributes": [],
          "private": "eyJzY2hlbWFfdmVyc2lvbiI6IjIifQ=="
        }
      ]
    }
  ]
}
